// !$*UTF8*$!
{
	archiveVersion = 1;
	classes = {
	};
	objectVersion = 52;
	objects = {

/* Begin PBXBuildFile section */
		6F712C962373163000A1CFAA /* SpectreDomain in Frameworks */ = {isa = PBXBuildFile; productRef = 6F712C952373163000A1CFAA /* SpectreDomain */; };
		6F9B8EC42364AA6800C48D36 /* AppDelegate.swift in Sources */ = {isa = PBXBuildFile; fileRef = 6F9B8EC32364AA6800C48D36 /* AppDelegate.swift */; };
		6F9B8EC62364AA6800C48D36 /* SceneDelegate.swift in Sources */ = {isa = PBXBuildFile; fileRef = 6F9B8EC52364AA6800C48D36 /* SceneDelegate.swift */; };
		6F9B8ECF2364AA6A00C48D36 /* Assets.xcassets in Resources */ = {isa = PBXBuildFile; fileRef = 6F9B8ECE2364AA6A00C48D36 /* Assets.xcassets */; };
		6F9B8ED22364AA6A00C48D36 /* LaunchScreen.storyboard in Resources */ = {isa = PBXBuildFile; fileRef = 6F9B8ED02364AA6A00C48D36 /* LaunchScreen.storyboard */; };
		6F9B8EDC2364ABE000C48D36 /* RootViewController.swift in Sources */ = {isa = PBXBuildFile; fileRef = 6F9B8EDB2364ABE000C48D36 /* RootViewController.swift */; };
		6F9B8EE02364ACCE00C48D36 /* ProfileLinkable.swift in Sources */ = {isa = PBXBuildFile; fileRef = 6F9B8EDF2364ACCE00C48D36 /* ProfileLinkable.swift */; };
		6F9B8EE42364AF2800C48D36 /* ScheduleViewController.swift in Sources */ = {isa = PBXBuildFile; fileRef = 6F9B8EE32364AF2800C48D36 /* ScheduleViewController.swift */; };
		6F9B8EE62364AF6700C48D36 /* SessionViewController.swift in Sources */ = {isa = PBXBuildFile; fileRef = 6F9B8EE52364AF6700C48D36 /* SessionViewController.swift */; };
		6F9B8EEE2364B64300C48D36 /* AgendaViewController.swift in Sources */ = {isa = PBXBuildFile; fileRef = 6F9B8EED2364B64300C48D36 /* AgendaViewController.swift */; };
		6F9B8EF02364BA0800C48D36 /* SheduleCoordinatorViewController.swift in Sources */ = {isa = PBXBuildFile; fileRef = 6F9B8EEF2364BA0800C48D36 /* SheduleCoordinatorViewController.swift */; };
		6F9B8EF22364BA7B00C48D36 /* SessionCoordinatorViewController.swift in Sources */ = {isa = PBXBuildFile; fileRef = 6F9B8EF12364BA7B00C48D36 /* SessionCoordinatorViewController.swift */; };
		6F9B8EF42364BCD300C48D36 /* AgendaCoordinatorViewController.swift in Sources */ = {isa = PBXBuildFile; fileRef = 6F9B8EF32364BCD300C48D36 /* AgendaCoordinatorViewController.swift */; };
		6F9B8EF82364BFC900C48D36 /* UIViewController+Containment.swift in Sources */ = {isa = PBXBuildFile; fileRef = 6F9B8EF72364BFC900C48D36 /* UIViewController+Containment.swift */; };
		6F9B8EFB2364C1D200C48D36 /* NetworkingCoordinatorViewController.swift in Sources */ = {isa = PBXBuildFile; fileRef = 6F9B8EFA2364C1D200C48D36 /* NetworkingCoordinatorViewController.swift */; };
		6F9B8EFD2364C1F000C48D36 /* NetworkingViewController.swift in Sources */ = {isa = PBXBuildFile; fileRef = 6F9B8EFC2364C1F000C48D36 /* NetworkingViewController.swift */; };
		6F9B8EFF2364C20E00C48D36 /* ConnectionsTableViewController.swift in Sources */ = {isa = PBXBuildFile; fileRef = 6F9B8EFE2364C20E00C48D36 /* ConnectionsTableViewController.swift */; };
		6F9B8F022364C4BD00C48D36 /* MoreCoordinatorViewController.swift in Sources */ = {isa = PBXBuildFile; fileRef = 6F9B8F012364C4BD00C48D36 /* MoreCoordinatorViewController.swift */; };
		6F9B8F042364C4D800C48D36 /* MoreTableTableViewController.swift in Sources */ = {isa = PBXBuildFile; fileRef = 6F9B8F032364C4D800C48D36 /* MoreTableTableViewController.swift */; };
		6F9B8F072364C9C500C48D36 /* UIButton+Factory.swift in Sources */ = {isa = PBXBuildFile; fileRef = 6F9B8F062364C9C500C48D36 /* UIButton+Factory.swift */; };
		6F9B8F092364D44600C48D36 /* UIFont+Additions.swift in Sources */ = {isa = PBXBuildFile; fileRef = 6F9B8F082364D44600C48D36 /* UIFont+Additions.swift */; };
		6F9B8F0B2364D63300C48D36 /* UIImage+Additions.swift in Sources */ = {isa = PBXBuildFile; fileRef = 6F9B8F0A2364D63300C48D36 /* UIImage+Additions.swift */; };
		6F9B8F0D2364DA6500C48D36 /* EmptyViewController.swift in Sources */ = {isa = PBXBuildFile; fileRef = 6F9B8F0C2364DA6500C48D36 /* EmptyViewController.swift */; };
		6F9B8F0F2364ECD400C48D36 /* UILabel+Factory.swift in Sources */ = {isa = PBXBuildFile; fileRef = 6F9B8F0E2364ECD400C48D36 /* UILabel+Factory.swift */; };
/* End PBXBuildFile section */

/* Begin PBXFileReference section */
		6F712C982373174E00A1CFAA /* spectre-swift-domain */ = {isa = PBXFileReference; lastKnownFileType = folder; name = "spectre-swift-domain"; path = "../spectre-swift-domain"; sourceTree = "<group>"; };
		6F9B8EC02364AA6800C48D36 /* Spectre.app */ = {isa = PBXFileReference; explicitFileType = wrapper.application; includeInIndex = 0; path = Spectre.app; sourceTree = BUILT_PRODUCTS_DIR; };
		6F9B8EC32364AA6800C48D36 /* AppDelegate.swift */ = {isa = PBXFileReference; lastKnownFileType = sourcecode.swift; path = AppDelegate.swift; sourceTree = "<group>"; };
		6F9B8EC52364AA6800C48D36 /* SceneDelegate.swift */ = {isa = PBXFileReference; lastKnownFileType = sourcecode.swift; path = SceneDelegate.swift; sourceTree = "<group>"; };
		6F9B8ECE2364AA6A00C48D36 /* Assets.xcassets */ = {isa = PBXFileReference; lastKnownFileType = folder.assetcatalog; path = Assets.xcassets; sourceTree = "<group>"; };
		6F9B8ED12364AA6A00C48D36 /* Base */ = {isa = PBXFileReference; lastKnownFileType = file.storyboard; name = Base; path = Base.lproj/LaunchScreen.storyboard; sourceTree = "<group>"; };
		6F9B8ED32364AA6A00C48D36 /* Info.plist */ = {isa = PBXFileReference; lastKnownFileType = text.plist.xml; path = Info.plist; sourceTree = "<group>"; };
		6F9B8EDB2364ABE000C48D36 /* RootViewController.swift */ = {isa = PBXFileReference; lastKnownFileType = sourcecode.swift; path = RootViewController.swift; sourceTree = "<group>"; };
		6F9B8EDF2364ACCE00C48D36 /* ProfileLinkable.swift */ = {isa = PBXFileReference; lastKnownFileType = sourcecode.swift; path = ProfileLinkable.swift; sourceTree = "<group>"; };
		6F9B8EE32364AF2800C48D36 /* ScheduleViewController.swift */ = {isa = PBXFileReference; lastKnownFileType = sourcecode.swift; path = ScheduleViewController.swift; sourceTree = "<group>"; };
		6F9B8EE52364AF6700C48D36 /* SessionViewController.swift */ = {isa = PBXFileReference; lastKnownFileType = sourcecode.swift; path = SessionViewController.swift; sourceTree = "<group>"; };
		6F9B8EED2364B64300C48D36 /* AgendaViewController.swift */ = {isa = PBXFileReference; lastKnownFileType = sourcecode.swift; path = AgendaViewController.swift; sourceTree = "<group>"; };
		6F9B8EEF2364BA0800C48D36 /* SheduleCoordinatorViewController.swift */ = {isa = PBXFileReference; lastKnownFileType = sourcecode.swift; path = SheduleCoordinatorViewController.swift; sourceTree = "<group>"; };
		6F9B8EF12364BA7B00C48D36 /* SessionCoordinatorViewController.swift */ = {isa = PBXFileReference; lastKnownFileType = sourcecode.swift; path = SessionCoordinatorViewController.swift; sourceTree = "<group>"; };
		6F9B8EF32364BCD300C48D36 /* AgendaCoordinatorViewController.swift */ = {isa = PBXFileReference; lastKnownFileType = sourcecode.swift; path = AgendaCoordinatorViewController.swift; sourceTree = "<group>"; };
		6F9B8EF72364BFC900C48D36 /* UIViewController+Containment.swift */ = {isa = PBXFileReference; lastKnownFileType = sourcecode.swift; path = "UIViewController+Containment.swift"; sourceTree = "<group>"; };
		6F9B8EFA2364C1D200C48D36 /* NetworkingCoordinatorViewController.swift */ = {isa = PBXFileReference; lastKnownFileType = sourcecode.swift; path = NetworkingCoordinatorViewController.swift; sourceTree = "<group>"; };
		6F9B8EFC2364C1F000C48D36 /* NetworkingViewController.swift */ = {isa = PBXFileReference; lastKnownFileType = sourcecode.swift; path = NetworkingViewController.swift; sourceTree = "<group>"; };
		6F9B8EFE2364C20E00C48D36 /* ConnectionsTableViewController.swift */ = {isa = PBXFileReference; lastKnownFileType = sourcecode.swift; path = ConnectionsTableViewController.swift; sourceTree = "<group>"; };
		6F9B8F012364C4BD00C48D36 /* MoreCoordinatorViewController.swift */ = {isa = PBXFileReference; lastKnownFileType = sourcecode.swift; path = MoreCoordinatorViewController.swift; sourceTree = "<group>"; };
		6F9B8F032364C4D800C48D36 /* MoreTableTableViewController.swift */ = {isa = PBXFileReference; lastKnownFileType = sourcecode.swift; path = MoreTableTableViewController.swift; sourceTree = "<group>"; };
		6F9B8F062364C9C500C48D36 /* UIButton+Factory.swift */ = {isa = PBXFileReference; lastKnownFileType = sourcecode.swift; path = "UIButton+Factory.swift"; sourceTree = "<group>"; };
		6F9B8F082364D44600C48D36 /* UIFont+Additions.swift */ = {isa = PBXFileReference; lastKnownFileType = sourcecode.swift; path = "UIFont+Additions.swift"; sourceTree = "<group>"; };
		6F9B8F0A2364D63300C48D36 /* UIImage+Additions.swift */ = {isa = PBXFileReference; lastKnownFileType = sourcecode.swift; path = "UIImage+Additions.swift"; sourceTree = "<group>"; };
		6F9B8F0C2364DA6500C48D36 /* EmptyViewController.swift */ = {isa = PBXFileReference; lastKnownFileType = sourcecode.swift; path = EmptyViewController.swift; sourceTree = "<group>"; };
		6F9B8F0E2364ECD400C48D36 /* UILabel+Factory.swift */ = {isa = PBXFileReference; lastKnownFileType = sourcecode.swift; path = "UILabel+Factory.swift"; sourceTree = "<group>"; };
/* End PBXFileReference section */

/* Begin PBXFrameworksBuildPhase section */
		6F9B8EBD2364AA6800C48D36 /* Frameworks */ = {
			isa = PBXFrameworksBuildPhase;
			buildActionMask = 2147483647;
			files = (
				6F712C962373163000A1CFAA /* SpectreDomain in Frameworks */,
			);
			runOnlyForDeploymentPostprocessing = 0;
		};
/* End PBXFrameworksBuildPhase section */

/* Begin PBXGroup section */
		6F9B8EB72364AA6800C48D36 = {
			isa = PBXGroup;
			children = (
				6F712C982373174E00A1CFAA /* spectre-swift-domain */,
				6F9B8EC22364AA6800C48D36 /* Spectre */,
				6F9B8EC12364AA6800C48D36 /* Products */,
			);
			sourceTree = "<group>";
		};
		6F9B8EC12364AA6800C48D36 /* Products */ = {
			isa = PBXGroup;
			children = (
				6F9B8EC02364AA6800C48D36 /* Spectre.app */,
			);
			name = Products;
			sourceTree = "<group>";
		};
		6F9B8EC22364AA6800C48D36 /* Spectre */ = {
			isa = PBXGroup;
			children = (
				6F9B8ED92364AB8400C48D36 /* Infrastructure */,
				6F9B8EC32364AA6800C48D36 /* AppDelegate.swift */,
				6F9B8EC52364AA6800C48D36 /* SceneDelegate.swift */,
				6F9B8ECE2364AA6A00C48D36 /* Assets.xcassets */,
				6F9B8ED02364AA6A00C48D36 /* LaunchScreen.storyboard */,
				6F9B8ED32364AA6A00C48D36 /* Info.plist */,
			);
			path = Spectre;
			sourceTree = "<group>";
		};
		6F9B8ED92364AB8400C48D36 /* Infrastructure */ = {
			isa = PBXGroup;
			children = (
				6F9B8EDA2364AB9900C48D36 /* UI */,
			);
			path = Infrastructure;
			sourceTree = "<group>";
		};
		6F9B8EDA2364AB9900C48D36 /* UI */ = {
			isa = PBXGroup;
			children = (
				6F9B8F052364C8E700C48D36 /* ReusableComponents */,
				6F9B8EDF2364ACCE00C48D36 /* ProfileLinkable.swift */,
				6F9B8EF72364BFC900C48D36 /* UIViewController+Containment.swift */,
				6F9B8EDB2364ABE000C48D36 /* RootViewController.swift */,
				6F9B8EE92364B43200C48D36 /* Schedule */,
				6F9B8EEC2364B4A600C48D36 /* Agenda */,
				6F9B8EF92364C1AA00C48D36 /* Networking */,
				6F9B8F002364C47A00C48D36 /* More */,
			);
			path = UI;
			sourceTree = "<group>";
		};
		6F9B8EE92364B43200C48D36 /* Schedule */ = {
			isa = PBXGroup;
			children = (
				6F9B8EEF2364BA0800C48D36 /* SheduleCoordinatorViewController.swift */,
				6F9B8EE32364AF2800C48D36 /* ScheduleViewController.swift */,
				6F9B8EF12364BA7B00C48D36 /* SessionCoordinatorViewController.swift */,
				6F9B8EE52364AF6700C48D36 /* SessionViewController.swift */,
			);
			path = Schedule;
			sourceTree = "<group>";
		};
		6F9B8EEC2364B4A600C48D36 /* Agenda */ = {
			isa = PBXGroup;
			children = (
				6F9B8EF32364BCD300C48D36 /* AgendaCoordinatorViewController.swift */,
				6F9B8EED2364B64300C48D36 /* AgendaViewController.swift */,
			);
			path = Agenda;
			sourceTree = "<group>";
		};
		6F9B8EF92364C1AA00C48D36 /* Networking */ = {
			isa = PBXGroup;
			children = (
				6F9B8EFA2364C1D200C48D36 /* NetworkingCoordinatorViewController.swift */,
				6F9B8EFC2364C1F000C48D36 /* NetworkingViewController.swift */,
				6F9B8EFE2364C20E00C48D36 /* ConnectionsTableViewController.swift */,
			);
			path = Networking;
			sourceTree = "<group>";
		};
		6F9B8F002364C47A00C48D36 /* More */ = {
			isa = PBXGroup;
			children = (
				6F9B8F012364C4BD00C48D36 /* MoreCoordinatorViewController.swift */,
				6F9B8F032364C4D800C48D36 /* MoreTableTableViewController.swift */,
			);
			path = More;
			sourceTree = "<group>";
		};
		6F9B8F052364C8E700C48D36 /* ReusableComponents */ = {
			isa = PBXGroup;
			children = (
				6F9B8F062364C9C500C48D36 /* UIButton+Factory.swift */,
				6F9B8F0E2364ECD400C48D36 /* UILabel+Factory.swift */,
				6F9B8F082364D44600C48D36 /* UIFont+Additions.swift */,
				6F9B8F0A2364D63300C48D36 /* UIImage+Additions.swift */,
				6F9B8F0C2364DA6500C48D36 /* EmptyViewController.swift */,
			);
			path = ReusableComponents;
			sourceTree = "<group>";
		};
/* End PBXGroup section */

/* Begin PBXNativeTarget section */
		6F9B8EBF2364AA6800C48D36 /* Spectre */ = {
			isa = PBXNativeTarget;
			buildConfigurationList = 6F9B8ED62364AA6A00C48D36 /* Build configuration list for PBXNativeTarget "Spectre" */;
			buildPhases = (
				6F9B8EBC2364AA6800C48D36 /* Sources */,
				6F9B8EBD2364AA6800C48D36 /* Frameworks */,
				6F9B8EBE2364AA6800C48D36 /* Resources */,
			);
			buildRules = (
			);
			dependencies = (
			);
			name = Spectre;
			packageProductDependencies = (
				6F712C952373163000A1CFAA /* SpectreDomain */,
			);
			productName = Spectre;
			productReference = 6F9B8EC02364AA6800C48D36 /* Spectre.app */;
			productType = "com.apple.product-type.application";
		};
/* End PBXNativeTarget section */

/* Begin PBXProject section */
		6F9B8EB82364AA6800C48D36 /* Project object */ = {
			isa = PBXProject;
			attributes = {
				LastSwiftUpdateCheck = 1110;
				LastUpgradeCheck = 1110;
				ORGANIZATIONNAME = Beilmo;
				TargetAttributes = {
					6F9B8EBF2364AA6800C48D36 = {
						CreatedOnToolsVersion = 11.1;
					};
				};
			};
			buildConfigurationList = 6F9B8EBB2364AA6800C48D36 /* Build configuration list for PBXProject "Spectre" */;
			compatibilityVersion = "Xcode 9.3";
			developmentRegion = en;
			hasScannedForEncodings = 0;
			knownRegions = (
				en,
				Base,
			);
			mainGroup = 6F9B8EB72364AA6800C48D36;
			packageReferences = (
				6F712C942373163000A1CFAA /* XCRemoteSwiftPackageReference "spectre-swift-domain" */,
			);
			productRefGroup = 6F9B8EC12364AA6800C48D36 /* Products */;
			projectDirPath = "";
			projectRoot = "";
			targets = (
				6F9B8EBF2364AA6800C48D36 /* Spectre */,
			);
		};
/* End PBXProject section */

/* Begin PBXResourcesBuildPhase section */
		6F9B8EBE2364AA6800C48D36 /* Resources */ = {
			isa = PBXResourcesBuildPhase;
			buildActionMask = 2147483647;
			files = (
				6F9B8ED22364AA6A00C48D36 /* LaunchScreen.storyboard in Resources */,
				6F9B8ECF2364AA6A00C48D36 /* Assets.xcassets in Resources */,
			);
			runOnlyForDeploymentPostprocessing = 0;
		};
/* End PBXResourcesBuildPhase section */

/* Begin PBXSourcesBuildPhase section */
		6F9B8EBC2364AA6800C48D36 /* Sources */ = {
			isa = PBXSourcesBuildPhase;
			buildActionMask = 2147483647;
			files = (
				6F9B8EDC2364ABE000C48D36 /* RootViewController.swift in Sources */,
				6F9B8F0B2364D63300C48D36 /* UIImage+Additions.swift in Sources */,
				6F9B8F0D2364DA6500C48D36 /* EmptyViewController.swift in Sources */,
				6F9B8EF82364BFC900C48D36 /* UIViewController+Containment.swift in Sources */,
				6F9B8EF02364BA0800C48D36 /* SheduleCoordinatorViewController.swift in Sources */,
				6F9B8F022364C4BD00C48D36 /* MoreCoordinatorViewController.swift in Sources */,
				6F9B8EE42364AF2800C48D36 /* ScheduleViewController.swift in Sources */,
				6F9B8EC42364AA6800C48D36 /* AppDelegate.swift in Sources */,
				6F9B8EFD2364C1F000C48D36 /* NetworkingViewController.swift in Sources */,
				6F9B8EF22364BA7B00C48D36 /* SessionCoordinatorViewController.swift in Sources */,
				6F9B8EC62364AA6800C48D36 /* SceneDelegate.swift in Sources */,
				6F9B8F042364C4D800C48D36 /* MoreTableTableViewController.swift in Sources */,
				6F9B8F092364D44600C48D36 /* UIFont+Additions.swift in Sources */,
				6F9B8EE62364AF6700C48D36 /* SessionViewController.swift in Sources */,
				6F9B8F072364C9C500C48D36 /* UIButton+Factory.swift in Sources */,
				6F9B8EFF2364C20E00C48D36 /* ConnectionsTableViewController.swift in Sources */,
				6F9B8EE02364ACCE00C48D36 /* ProfileLinkable.swift in Sources */,
				6F9B8EEE2364B64300C48D36 /* AgendaViewController.swift in Sources */,
				6F9B8EFB2364C1D200C48D36 /* NetworkingCoordinatorViewController.swift in Sources */,
				6F9B8EF42364BCD300C48D36 /* AgendaCoordinatorViewController.swift in Sources */,
				6F9B8F0F2364ECD400C48D36 /* UILabel+Factory.swift in Sources */,
			);
			runOnlyForDeploymentPostprocessing = 0;
		};
/* End PBXSourcesBuildPhase section */

/* Begin PBXVariantGroup section */
		6F9B8ED02364AA6A00C48D36 /* LaunchScreen.storyboard */ = {
			isa = PBXVariantGroup;
			children = (
				6F9B8ED12364AA6A00C48D36 /* Base */,
			);
			name = LaunchScreen.storyboard;
			sourceTree = "<group>";
		};
/* End PBXVariantGroup section */

/* Begin XCBuildConfiguration section */
		6F9B8ED42364AA6A00C48D36 /* Debug */ = {
			isa = XCBuildConfiguration;
			buildSettings = {
				ALWAYS_SEARCH_USER_PATHS = NO;
				CLANG_ANALYZER_NONNULL = YES;
				CLANG_ANALYZER_NUMBER_OBJECT_CONVERSION = YES_AGGRESSIVE;
				CLANG_CXX_LANGUAGE_STANDARD = "gnu++14";
				CLANG_CXX_LIBRARY = "libc++";
				CLANG_ENABLE_MODULES = YES;
				CLANG_ENABLE_OBJC_ARC = YES;
				CLANG_ENABLE_OBJC_WEAK = YES;
				CLANG_WARN_BLOCK_CAPTURE_AUTORELEASING = YES;
				CLANG_WARN_BOOL_CONVERSION = YES;
				CLANG_WARN_COMMA = YES;
				CLANG_WARN_CONSTANT_CONVERSION = YES;
				CLANG_WARN_DEPRECATED_OBJC_IMPLEMENTATIONS = YES;
				CLANG_WARN_DIRECT_OBJC_ISA_USAGE = YES_ERROR;
				CLANG_WARN_DOCUMENTATION_COMMENTS = YES;
				CLANG_WARN_EMPTY_BODY = YES;
				CLANG_WARN_ENUM_CONVERSION = YES;
				CLANG_WARN_INFINITE_RECURSION = YES;
				CLANG_WARN_INT_CONVERSION = YES;
				CLANG_WARN_NON_LITERAL_NULL_CONVERSION = YES;
				CLANG_WARN_OBJC_IMPLICIT_RETAIN_SELF = YES;
				CLANG_WARN_OBJC_LITERAL_CONVERSION = YES;
				CLANG_WARN_OBJC_ROOT_CLASS = YES_ERROR;
				CLANG_WARN_RANGE_LOOP_ANALYSIS = YES;
				CLANG_WARN_STRICT_PROTOTYPES = YES;
				CLANG_WARN_SUSPICIOUS_MOVE = YES;
				CLANG_WARN_UNGUARDED_AVAILABILITY = YES_AGGRESSIVE;
				CLANG_WARN_UNREACHABLE_CODE = YES;
				CLANG_WARN__DUPLICATE_METHOD_MATCH = YES;
				COPY_PHASE_STRIP = NO;
				DEBUG_INFORMATION_FORMAT = dwarf;
				ENABLE_STRICT_OBJC_MSGSEND = YES;
				ENABLE_TESTABILITY = YES;
				GCC_C_LANGUAGE_STANDARD = gnu11;
				GCC_DYNAMIC_NO_PIC = NO;
				GCC_NO_COMMON_BLOCKS = YES;
				GCC_OPTIMIZATION_LEVEL = 0;
				GCC_PREPROCESSOR_DEFINITIONS = (
					"DEBUG=1",
					"$(inherited)",
				);
				GCC_WARN_64_TO_32_BIT_CONVERSION = YES;
				GCC_WARN_ABOUT_RETURN_TYPE = YES_ERROR;
				GCC_WARN_UNDECLARED_SELECTOR = YES;
				GCC_WARN_UNINITIALIZED_AUTOS = YES_AGGRESSIVE;
				GCC_WARN_UNUSED_FUNCTION = YES;
				GCC_WARN_UNUSED_VARIABLE = YES;
				IPHONEOS_DEPLOYMENT_TARGET = 13.1;
				MTL_ENABLE_DEBUG_INFO = INCLUDE_SOURCE;
				MTL_FAST_MATH = YES;
				ONLY_ACTIVE_ARCH = YES;
				SDKROOT = iphoneos;
				SWIFT_ACTIVE_COMPILATION_CONDITIONS = DEBUG;
				SWIFT_OPTIMIZATION_LEVEL = "-Onone";
			};
			name = Debug;
		};
		6F9B8ED52364AA6A00C48D36 /* Release */ = {
			isa = XCBuildConfiguration;
			buildSettings = {
				ALWAYS_SEARCH_USER_PATHS = NO;
				CLANG_ANALYZER_NONNULL = YES;
				CLANG_ANALYZER_NUMBER_OBJECT_CONVERSION = YES_AGGRESSIVE;
				CLANG_CXX_LANGUAGE_STANDARD = "gnu++14";
				CLANG_CXX_LIBRARY = "libc++";
				CLANG_ENABLE_MODULES = YES;
				CLANG_ENABLE_OBJC_ARC = YES;
				CLANG_ENABLE_OBJC_WEAK = YES;
				CLANG_WARN_BLOCK_CAPTURE_AUTORELEASING = YES;
				CLANG_WARN_BOOL_CONVERSION = YES;
				CLANG_WARN_COMMA = YES;
				CLANG_WARN_CONSTANT_CONVERSION = YES;
				CLANG_WARN_DEPRECATED_OBJC_IMPLEMENTATIONS = YES;
				CLANG_WARN_DIRECT_OBJC_ISA_USAGE = YES_ERROR;
				CLANG_WARN_DOCUMENTATION_COMMENTS = YES;
				CLANG_WARN_EMPTY_BODY = YES;
				CLANG_WARN_ENUM_CONVERSION = YES;
				CLANG_WARN_INFINITE_RECURSION = YES;
				CLANG_WARN_INT_CONVERSION = YES;
				CLANG_WARN_NON_LITERAL_NULL_CONVERSION = YES;
				CLANG_WARN_OBJC_IMPLICIT_RETAIN_SELF = YES;
				CLANG_WARN_OBJC_LITERAL_CONVERSION = YES;
				CLANG_WARN_OBJC_ROOT_CLASS = YES_ERROR;
				CLANG_WARN_RANGE_LOOP_ANALYSIS = YES;
				CLANG_WARN_STRICT_PROTOTYPES = YES;
				CLANG_WARN_SUSPICIOUS_MOVE = YES;
				CLANG_WARN_UNGUARDED_AVAILABILITY = YES_AGGRESSIVE;
				CLANG_WARN_UNREACHABLE_CODE = YES;
				CLANG_WARN__DUPLICATE_METHOD_MATCH = YES;
				COPY_PHASE_STRIP = NO;
				DEBUG_INFORMATION_FORMAT = "dwarf-with-dsym";
				ENABLE_NS_ASSERTIONS = NO;
				ENABLE_STRICT_OBJC_MSGSEND = YES;
				GCC_C_LANGUAGE_STANDARD = gnu11;
				GCC_NO_COMMON_BLOCKS = YES;
				GCC_WARN_64_TO_32_BIT_CONVERSION = YES;
				GCC_WARN_ABOUT_RETURN_TYPE = YES_ERROR;
				GCC_WARN_UNDECLARED_SELECTOR = YES;
				GCC_WARN_UNINITIALIZED_AUTOS = YES_AGGRESSIVE;
				GCC_WARN_UNUSED_FUNCTION = YES;
				GCC_WARN_UNUSED_VARIABLE = YES;
				IPHONEOS_DEPLOYMENT_TARGET = 13.1;
				MTL_ENABLE_DEBUG_INFO = NO;
				MTL_FAST_MATH = YES;
				SDKROOT = iphoneos;
				SWIFT_COMPILATION_MODE = wholemodule;
				SWIFT_OPTIMIZATION_LEVEL = "-O";
				VALIDATE_PRODUCT = YES;
			};
			name = Release;
		};
		6F9B8ED72364AA6A00C48D36 /* Debug */ = {
			isa = XCBuildConfiguration;
			buildSettings = {
				ASSETCATALOG_COMPILER_APPICON_NAME = AppIcon;
				CODE_SIGN_STYLE = Automatic;
				INFOPLIST_FILE = Spectre/Info.plist;
				LD_RUNPATH_SEARCH_PATHS = (
					"$(inherited)",
					"@executable_path/Frameworks",
				);
				PRODUCT_BUNDLE_IDENTIFIER = com.beilmo.dt.Spectre;
				PRODUCT_NAME = "$(TARGET_NAME)";
				SWIFT_VERSION = 5.0;
				TARGETED_DEVICE_FAMILY = "1,2";
			};
			name = Debug;
		};
		6F9B8ED82364AA6A00C48D36 /* Release */ = {
			isa = XCBuildConfiguration;
			buildSettings = {
				ASSETCATALOG_COMPILER_APPICON_NAME = AppIcon;
				CODE_SIGN_STYLE = Automatic;
				INFOPLIST_FILE = Spectre/Info.plist;
				LD_RUNPATH_SEARCH_PATHS = (
					"$(inherited)",
					"@executable_path/Frameworks",
				);
				PRODUCT_BUNDLE_IDENTIFIER = com.beilmo.dt.Spectre;
				PRODUCT_NAME = "$(TARGET_NAME)";
				SWIFT_VERSION = 5.0;
				TARGETED_DEVICE_FAMILY = "1,2";
			};
			name = Release;
		};
/* End XCBuildConfiguration section */

/* Begin XCConfigurationList section */
		6F9B8EBB2364AA6800C48D36 /* Build configuration list for PBXProject "Spectre" */ = {
			isa = XCConfigurationList;
			buildConfigurations = (
				6F9B8ED42364AA6A00C48D36 /* Debug */,
				6F9B8ED52364AA6A00C48D36 /* Release */,
			);
			defaultConfigurationIsVisible = 0;
			defaultConfigurationName = Release;
		};
		6F9B8ED62364AA6A00C48D36 /* Build configuration list for PBXNativeTarget "Spectre" */ = {
			isa = XCConfigurationList;
			buildConfigurations = (
				6F9B8ED72364AA6A00C48D36 /* Debug */,
				6F9B8ED82364AA6A00C48D36 /* Release */,
			);
			defaultConfigurationIsVisible = 0;
			defaultConfigurationName = Release;
		};
/* End XCConfigurationList section */

/* Begin XCRemoteSwiftPackageReference section */
		6F712C942373163000A1CFAA /* XCRemoteSwiftPackageReference "spectre-swift-domain" */ = {
			isa = XCRemoteSwiftPackageReference;
			repositoryURL = "https://github.com/beilmo/spectre-swift-domain";
			requirement = {
				kind = upToNextMajorVersion;
				minimumVersion = 0.0.1;
			};
		};
/* End XCRemoteSwiftPackageReference section */

/* Begin XCSwiftPackageProductDependency section */
		6F712C952373163000A1CFAA /* SpectreDomain */ = {
			isa = XCSwiftPackageProductDependency;
			package = 6F712C942373163000A1CFAA /* XCRemoteSwiftPackageReference "spectre-swift-domain" */;
			productName = SpectreDomain;
		};
/* End XCSwiftPackageProductDependency section */
	};
	rootObject = 6F9B8EB82364AA6800C48D36 /* Project object */;
}
